
Microsoft Visual Studio Solution File, Format Version 12.00
# Visual Studio 14
VisualStudioVersion = 14.0.25123.0
MinimumVisualStudioVersion = 10.0.40219.1
Project("{2150E333-8FDC-42A3-9474-1A3956D46DE8}") = "src", "src", "{C098A31B-6EBD-48A0-91BB-7F96282EAF1D}"
EndProject
Project("{2150E333-8FDC-42A3-9474-1A3956D46DE8}") = "Solution Items", "Solution Items", "{DB9F8E0B-FE95-4ECE-967D-41B8F4E38D72}"
	ProjectSection(SolutionItems) = preProject
		global.json = global.json
	EndProjectSection
EndProject
Project("{8BB2217D-0F2D-49D1-97BC-3654ED321F3B}") = "SCM", "src\SCM\SCM.xproj", "{4CD1112A-EB8C-4106-8662-941CE7BB7A23}"
EndProject
Project("{00D1A9C2-B5F0-4AF3-8072-F6C62B433612}") = "SCMData", "SCMData\SCMData.sqlproj", "{4D59E312-B6D6-45FC-B7AC-DBE071C3C358}"
EndProject
Project("{FAE04EC0-301F-11D3-BF4B-00C04F79EFBC}") = "SCMMVC", "src\SCMMVC\SCMMVC.csproj", "{C32E8840-B15A-440C-BBC3-91BA67B06B76}"
EndProject
Global
	GlobalSection(SolutionConfigurationPlatforms) = preSolution
		Debug|Any CPU = Debug|Any CPU
		Release|Any CPU = Release|Any CPU
	EndGlobalSection
	GlobalSection(ProjectConfigurationPlatforms) = postSolution
		{4CD1112A-EB8C-4106-8662-941CE7BB7A23}.Debug|Any CPU.ActiveCfg = Debug|Any CPU
		{4CD1112A-EB8C-4106-8662-941CE7BB7A23}.Debug|Any CPU.Build.0 = Debug|Any CPU
		{4CD1112A-EB8C-4106-8662-941CE7BB7A23}.Release|Any CPU.ActiveCfg = Release|Any CPU
		{4CD1112A-EB8C-4106-8662-941CE7BB7A23}.Release|Any CPU.Build.0 = Release|Any CPU
		{4D59E312-B6D6-45FC-B7AC-DBE071C3C358}.Debug|Any CPU.ActiveCfg = Debug|Any CPU
		{4D59E312-B6D6-45FC-B7AC-DBE071C3C358}.Debug|Any CPU.Build.0 = Debug|Any CPU
		{4D59E312-B6D6-45FC-B7AC-DBE071C3C358}.Debug|Any CPU.Deploy.0 = Debug|Any CPU
		{4D59E312-B6D6-45FC-B7AC-DBE071C3C358}.Release|Any CPU.ActiveCfg = Release|Any CPU
		{4D59E312-B6D6-45FC-B7AC-DBE071C3C358}.Release|Any CPU.Build.0 = Release|Any CPU
		{4D59E312-B6D6-45FC-B7AC-DBE071C3C358}.Release|Any CPU.Deploy.0 = Release|Any CPU
		{C32E8840-B15A-440C-BBC3-91BA67B06B76}.Debug|Any CPU.ActiveCfg = Debug|Any CPU
		{C32E8840-B15A-440C-BBC3-91BA67B06B76}.Debug|Any CPU.Build.0 = Debug|Any CPU
		{C32E8840-B15A-440C-BBC3-91BA67B06B76}.Release|Any CPU.ActiveCfg = Release|Any CPU
		{C32E8840-B15A-440C-BBC3-91BA67B06B76}.Release|Any CPU.Build.0 = Release|Any CPU
	EndGlobalSection
	GlobalSection(SolutionProperties) = preSolution
		HideSolutionNode = FALSE
	EndGlobalSection
	GlobalSection(NestedProjects) = preSolution
		{4CD1112A-EB8C-4106-8662-941CE7BB7A23} = {C098A31B-6EBD-48A0-91BB-7F96282EAF1D}
		{4D59E312-B6D6-45FC-B7AC-DBE071C3C358} = {C098A31B-6EBD-48A0-91BB-7F96282EAF1D}
		{C32E8840-B15A-440C-BBC3-91BA67B06B76} = {C098A31B-6EBD-48A0-91BB-7F96282EAF1D}
	EndGlobalSection
EndGlobal
